
Microsoft Visual Studio Solution File, Format Version 12.00
# Visual Studio Version 17
VisualStudioVersion = 17.3.32825.248
MinimumVisualStudioVersion = 10.0.40219.1
Project("{FAE04EC0-301F-11D3-BF4B-00C04F79EFBC}") = "MVCDataAnnotation", "MVCDataAnnotation\MVCDataAnnotation.csproj", "{CA308BB9-C18A-4A2F-86EA-0A8D9A49C004}"
EndProject
Global
	GlobalSection(SolutionConfigurationPlatforms) = preSolution
		Debug|Any CPU = Debug|Any CPU
		Release|Any CPU = Release|Any CPU
	EndGlobalSection
	GlobalSection(ProjectConfigurationPlatforms) = postSolution
		{CA308BB9-C18A-4A2F-86EA-0A8D9A49C004}.Debug|Any CPU.ActiveCfg = Debug|Any CPU
		{CA308BB9-C18A-4A2F-86EA-0A8D9A49C004}.Debug|Any CPU.Build.0 = Debug|Any CPU
		{CA308BB9-C18A-4A2F-86EA-0A8D9A49C004}.Release|Any CPU.ActiveCfg = Release|Any CPU
		{CA308BB9-C18A-4A2F-86EA-0A8D9A49C004}.Release|Any CPU.Build.0 = Release|Any CPU
	EndGlobalSection
	GlobalSection(SolutionProperties) = preSolution
		HideSolutionNode = FALSE
	EndGlobalSection
	GlobalSection(ExtensibilityGlobals) = postSolution
		SolutionGuid = {6957D240-C67B-4E5C-A438-4E80F7F98083}
	EndGlobalSection
EndGlobal
